
Microsoft Visual Studio Solution File, Format Version 12.00
# Visual Studio 14
VisualStudioVersion = 14.0.25420.1
MinimumVisualStudioVersion = 10.0.40219.1
Project("{FAE04EC0-301F-11D3-BF4B-00C04F79EFBC}") = "GetFetchStore", "GetFetchStore\GetFetchStore.csproj", "{1289CD06-E2DF-4CAD-81F3-4A9BDD406FE3}"
EndProject
Project("{FAE04EC0-301F-11D3-BF4B-00C04F79EFBC}") = "GetFetchStore.Tests", "GetFetchStore.Tests\GetFetchStore.Tests.csproj", "{10F2B505-8E06-4F05-837C-0C011201AE6C}"
EndProject
Global
	GlobalSection(SolutionConfigurationPlatforms) = preSolution
		Debug|Any CPU = Debug|Any CPU
		Release|Any CPU = Release|Any CPU
	EndGlobalSection
	GlobalSection(ProjectConfigurationPlatforms) = postSolution
		{1289CD06-E2DF-4CAD-81F3-4A9BDD406FE3}.Debug|Any CPU.ActiveCfg = Debug|Any CPU
		{1289CD06-E2DF-4CAD-81F3-4A9BDD406FE3}.Debug|Any CPU.Build.0 = Debug|Any CPU
		{1289CD06-E2DF-4CAD-81F3-4A9BDD406FE3}.Release|Any CPU.ActiveCfg = Release|Any CPU
		{1289CD06-E2DF-4CAD-81F3-4A9BDD406FE3}.Release|Any CPU.Build.0 = Release|Any CPU
		{10F2B505-8E06-4F05-837C-0C011201AE6C}.Debug|Any CPU.ActiveCfg = Debug|Any CPU
		{10F2B505-8E06-4F05-837C-0C011201AE6C}.Debug|Any CPU.Build.0 = Debug|Any CPU
		{10F2B505-8E06-4F05-837C-0C011201AE6C}.Release|Any CPU.ActiveCfg = Release|Any CPU
		{10F2B505-8E06-4F05-837C-0C011201AE6C}.Release|Any CPU.Build.0 = Release|Any CPU
	EndGlobalSection
	GlobalSection(SolutionProperties) = preSolution
		HideSolutionNode = FALSE
	EndGlobalSection
EndGlobal
